
Microsoft Visual Studio Solution File, Format Version 12.00
# Visual Studio Version 17
VisualStudioVersion = 17.9.34728.123
MinimumVisualStudioVersion = 10.0.40219.1
Project("{9A19103F-16F7-4668-BE54-9A1E7A4F7556}") = "KraftwerkFrontend", "KraftwerkFrontend\KraftwerkFrontend.csproj", "{001006D6-BDC5-4A41-AA62-9AC4FF726498}"
EndProject
Project("{9A19103F-16F7-4668-BE54-9A1E7A4F7556}") = "Powergrid", "..\Powergrid\Powergrid.csproj", "{F43E3F13-119C-4FCB-8B98-52B9699A2746}"
EndProject
Project("{9A19103F-16F7-4668-BE54-9A1E7A4F7556}") = "ConsumerEndpoint", "..\ConsumerEndpoint\ConsumerEndpoint.csproj", "{6A803147-1799-4E5D-9A93-7E6676AFDF1F}"
EndProject
Global
	GlobalSection(SolutionConfigurationPlatforms) = preSolution
		Debug|Any CPU = Debug|Any CPU
		Release|Any CPU = Release|Any CPU
	EndGlobalSection
	GlobalSection(ProjectConfigurationPlatforms) = postSolution
		{001006D6-BDC5-4A41-AA62-9AC4FF726498}.Debug|Any CPU.ActiveCfg = Debug|Any CPU
		{001006D6-BDC5-4A41-AA62-9AC4FF726498}.Debug|Any CPU.Build.0 = Debug|Any CPU
		{001006D6-BDC5-4A41-AA62-9AC4FF726498}.Release|Any CPU.ActiveCfg = Release|Any CPU
		{001006D6-BDC5-4A41-AA62-9AC4FF726498}.Release|Any CPU.Build.0 = Release|Any CPU
		{F43E3F13-119C-4FCB-8B98-52B9699A2746}.Debug|Any CPU.ActiveCfg = Debug|Any CPU
		{F43E3F13-119C-4FCB-8B98-52B9699A2746}.Debug|Any CPU.Build.0 = Debug|Any CPU
		{F43E3F13-119C-4FCB-8B98-52B9699A2746}.Release|Any CPU.ActiveCfg = Release|Any CPU
		{F43E3F13-119C-4FCB-8B98-52B9699A2746}.Release|Any CPU.Build.0 = Release|Any CPU
		{6A803147-1799-4E5D-9A93-7E6676AFDF1F}.Debug|Any CPU.ActiveCfg = Debug|Any CPU
		{6A803147-1799-4E5D-9A93-7E6676AFDF1F}.Debug|Any CPU.Build.0 = Debug|Any CPU
		{6A803147-1799-4E5D-9A93-7E6676AFDF1F}.Release|Any CPU.ActiveCfg = Release|Any CPU
		{6A803147-1799-4E5D-9A93-7E6676AFDF1F}.Release|Any CPU.Build.0 = Release|Any CPU
	EndGlobalSection
	GlobalSection(SolutionProperties) = preSolution
		HideSolutionNode = FALSE
	EndGlobalSection
	GlobalSection(ExtensibilityGlobals) = postSolution
		SolutionGuid = {9141536F-398B-4785-9DDB-A945040783EE}
	EndGlobalSection
EndGlobal
